
Microsoft Visual Studio Solution File, Format Version 12.00
# Visual Studio 15
VisualStudioVersion = 15.0.26430.14
MinimumVisualStudioVersion = 10.0.40219.1
Project("{FAE04EC0-301F-11D3-BF4B-00C04F79EFBC}") = "Host", "Host\Host.csproj", "{CF992C26-5A64-4FED-8295-FB2CC4FE5547}"
EndProject
Project("{FAE04EC0-301F-11D3-BF4B-00C04F79EFBC}") = "SampleFunctions", "SampleFunctions\SampleFunctions.csproj", "{0F9768C5-72CB-4CD8-9627-A055AB6E7274}"
EndProject
Project("{FAE04EC0-301F-11D3-BF4B-00C04F79EFBC}") = "IoTHubExtension", "IoTHubExtension\IoTHubExtension.csproj", "{F1819F5A-C102-4CA1-B5E8-E28F513449F7}"
EndProject
Global
	GlobalSection(SolutionConfigurationPlatforms) = preSolution
		Debug|Any CPU = Debug|Any CPU
		Release|Any CPU = Release|Any CPU
	EndGlobalSection
	GlobalSection(ProjectConfigurationPlatforms) = postSolution
		{CF992C26-5A64-4FED-8295-FB2CC4FE5547}.Debug|Any CPU.ActiveCfg = Debug|Any CPU
		{CF992C26-5A64-4FED-8295-FB2CC4FE5547}.Debug|Any CPU.Build.0 = Debug|Any CPU
		{CF992C26-5A64-4FED-8295-FB2CC4FE5547}.Release|Any CPU.ActiveCfg = Release|Any CPU
		{CF992C26-5A64-4FED-8295-FB2CC4FE5547}.Release|Any CPU.Build.0 = Release|Any CPU
		{0F9768C5-72CB-4CD8-9627-A055AB6E7274}.Debug|Any CPU.ActiveCfg = Debug|Any CPU
		{0F9768C5-72CB-4CD8-9627-A055AB6E7274}.Debug|Any CPU.Build.0 = Debug|Any CPU
		{0F9768C5-72CB-4CD8-9627-A055AB6E7274}.Release|Any CPU.ActiveCfg = Release|Any CPU
		{0F9768C5-72CB-4CD8-9627-A055AB6E7274}.Release|Any CPU.Build.0 = Release|Any CPU
		{F1819F5A-C102-4CA1-B5E8-E28F513449F7}.Debug|Any CPU.ActiveCfg = Debug|Any CPU
		{F1819F5A-C102-4CA1-B5E8-E28F513449F7}.Debug|Any CPU.Build.0 = Debug|Any CPU
		{F1819F5A-C102-4CA1-B5E8-E28F513449F7}.Release|Any CPU.ActiveCfg = Release|Any CPU
		{F1819F5A-C102-4CA1-B5E8-E28F513449F7}.Release|Any CPU.Build.0 = Release|Any CPU
	EndGlobalSection
	GlobalSection(SolutionProperties) = preSolution
		HideSolutionNode = FALSE
	EndGlobalSection
	GlobalSection(ExtensibilityGlobals) = postSolution
		EnterpriseLibraryConfigurationToolBinariesPathV6 = packages\EnterpriseLibrary.TransientFaultHandling.6.0.1304.0\lib\portable-net45+win+wp8
	EndGlobalSection
EndGlobal
